
Microsoft Visual Studio Solution File, Format Version 12.00
# Visual Studio Version 17
VisualStudioVersion = 17.3.32825.248
MinimumVisualStudioVersion = 10.0.40219.1
Project("{FAE04EC0-301F-11D3-BF4B-00C04F79EFBC}") = "HotelManagement", "HotelManagement\HotelManagement.csproj", "{AF12A708-9DC1-4318-8F4A-127E3FD42E71}"
EndProject
Global
	GlobalSection(SolutionConfigurationPlatforms) = preSolution
		Debug|Any CPU = Debug|Any CPU
		Release|Any CPU = Release|Any CPU
	EndGlobalSection
	GlobalSection(ProjectConfigurationPlatforms) = postSolution
		{AF12A708-9DC1-4318-8F4A-127E3FD42E71}.Debug|Any CPU.ActiveCfg = Debug|Any CPU
		{AF12A708-9DC1-4318-8F4A-127E3FD42E71}.Debug|Any CPU.Build.0 = Debug|Any CPU
		{AF12A708-9DC1-4318-8F4A-127E3FD42E71}.Release|Any CPU.ActiveCfg = Release|Any CPU
		{AF12A708-9DC1-4318-8F4A-127E3FD42E71}.Release|Any CPU.Build.0 = Release|Any CPU
	EndGlobalSection
	GlobalSection(SolutionProperties) = preSolution
		HideSolutionNode = FALSE
	EndGlobalSection
	GlobalSection(ExtensibilityGlobals) = postSolution
		SolutionGuid = {1E713B32-430C-45C7-9302-D95B93827336}
	EndGlobalSection
EndGlobal
